// !$*UTF8*$!
{
	archiveVersion = 1;
	classes = {
	};
	objectVersion = 56;
	objects = {

/* Begin PBXBuildFile section */
		7207B2B32C8403B300852719 /* MyHealth_AIApp.swift in Sources */ = {isa = PBXBuildFile; fileRef = 7207B2B22C8403B300852719 /* MyHealth_AIApp.swift */; };
		7207B2B52C8403B300852719 /* ContentView.swift in Sources */ = {isa = PBXBuildFile; fileRef = 7207B2B42C8403B300852719 /* ContentView.swift */; };
		7207B2B72C8403B500852719 /* Assets.xcassets in Resources */ = {isa = PBXBuildFile; fileRef = 7207B2B62C8403B500852719 /* Assets.xcassets */; };
		7207B2BA2C8403B500852719 /* Preview Assets.xcassets in Resources */ = {isa = PBXBuildFile; fileRef = 7207B2B92C8403B500852719 /* Preview Assets.xcassets */; };
		7207B2C42C8403B500852719 /* MyHealth_AITests.swift in Sources */ = {isa = PBXBuildFile; fileRef = 7207B2C32C8403B500852719 /* MyHealth_AITests.swift */; };
		7207B2CE2C8403B500852719 /* MyHealth_AIUITests.swift in Sources */ = {isa = PBXBuildFile; fileRef = 7207B2CD2C8403B500852719 /* MyHealth_AIUITests.swift */; };
		7207B2D02C8403B500852719 /* MyHealth_AIUITestsLaunchTests.swift in Sources */ = {isa = PBXBuildFile; fileRef = 7207B2CF2C8403B500852719 /* MyHealth_AIUITestsLaunchTests.swift */; };
/* End PBXBuildFile section */

/* Begin PBXContainerItemProxy section */
		7207B2C02C8403B500852719 /* PBXContainerItemProxy */ = {
			isa = PBXContainerItemProxy;
			containerPortal = 7207B2A72C8403B300852719 /* Project object */;
			proxyType = 1;
			remoteGlobalIDString = 7207B2AE2C8403B300852719;
			remoteInfo = MyHealth.AI;
		};
		7207B2CA2C8403B500852719 /* PBXContainerItemProxy */ = {
			isa = PBXContainerItemProxy;
			containerPortal = 7207B2A72C8403B300852719 /* Project object */;
			proxyType = 1;
			remoteGlobalIDString = 7207B2AE2C8403B300852719;
			remoteInfo = MyHealth.AI;
		};
/* End PBXContainerItemProxy section */

/* Begin PBXFileReference section */
		7207B2AF2C8403B300852719 /* MyHealth.AI.app */ = {isa = PBXFileReference; explicitFileType = wrapper.application; includeInIndex = 0; path = MyHealth.AI.app; sourceTree = BUILT_PRODUCTS_DIR; };
		7207B2B22C8403B300852719 /* MyHealth_AIApp.swift */ = {isa = PBXFileReference; lastKnownFileType = sourcecode.swift; path = MyHealth_AIApp.swift; sourceTree = "<group>"; };
		7207B2B42C8403B300852719 /* ContentView.swift */ = {isa = PBXFileReference; lastKnownFileType = sourcecode.swift; path = ContentView.swift; sourceTree = "<group>"; };
		7207B2B62C8403B500852719 /* Assets.xcassets */ = {isa = PBXFileReference; lastKnownFileType = folder.assetcatalog; path = Assets.xcassets; sourceTree = "<group>"; };
		7207B2B92C8403B500852719 /* Preview Assets.xcassets */ = {isa = PBXFileReference; lastKnownFileType = folder.assetcatalog; path = "Preview Assets.xcassets"; sourceTree = "<group>"; };
		7207B2BF2C8403B500852719 /* MyHealth.AITests.xctest */ = {isa = PBXFileReference; explicitFileType = wrapper.cfbundle; includeInIndex = 0; path = MyHealth.AITests.xctest; sourceTree = BUILT_PRODUCTS_DIR; };
		7207B2C32C8403B500852719 /* MyHealth_AITests.swift */ = {isa = PBXFileReference; lastKnownFileType = sourcecode.swift; path = MyHealth_AITests.swift; sourceTree = "<group>"; };
		7207B2C92C8403B500852719 /* MyHealth.AIUITests.xctest */ = {isa = PBXFileReference; explicitFileType = wrapper.cfbundle; includeInIndex = 0; path = MyHealth.AIUITests.xctest; sourceTree = BUILT_PRODUCTS_DIR; };
		7207B2CD2C8403B500852719 /* MyHealth_AIUITests.swift */ = {isa = PBXFileReference; lastKnownFileType = sourcecode.swift; path = MyHealth_AIUITests.swift; sourceTree = "<group>"; };
		7207B2CF2C8403B500852719 /* MyHealth_AIUITestsLaunchTests.swift */ = {isa = PBXFileReference; lastKnownFileType = sourcecode.swift; path = MyHealth_AIUITestsLaunchTests.swift; sourceTree = "<group>"; };
/* End PBXFileReference section */

/* Begin PBXFrameworksBuildPhase section */
		7207B2AC2C8403B300852719 /* Frameworks */ = {
			isa = PBXFrameworksBuildPhase;
			buildActionMask = 2147483647;
			files = (
			);
			runOnlyForDeploymentPostprocessing = 0;
		};
		7207B2BC2C8403B500852719 /* Frameworks */ = {
			isa = PBXFrameworksBuildPhase;
			buildActionMask = 2147483647;
			files = (
			);
			runOnlyForDeploymentPostprocessing = 0;
		};
		7207B2C62C8403B500852719 /* Frameworks */ = {
			isa = PBXFrameworksBuildPhase;
			buildActionMask = 2147483647;
			files = (
			);
			runOnlyForDeploymentPostprocessing = 0;
		};
/* End PBXFrameworksBuildPhase section */

/* Begin PBXGroup section */
		7207B2A62C8403B300852719 = {
			isa = PBXGroup;
			children = (
				7207B2B12C8403B300852719 /* MyHealth.AI */,
				7207B2C22C8403B500852719 /* MyHealth.AITests */,
				7207B2CC2C8403B500852719 /* MyHealth.AIUITests */,
				7207B2B02C8403B300852719 /* Products */,
			);
			sourceTree = "<group>";
		};
		7207B2B02C8403B300852719 /* Products */ = {
			isa = PBXGroup;
			children = (
				7207B2AF2C8403B300852719 /* MyHealth.AI.app */,
				7207B2BF2C8403B500852719 /* MyHealth.AITests.xctest */,
				7207B2C92C8403B500852719 /* MyHealth.AIUITests.xctest */,
			);
			name = Products;
			sourceTree = "<group>";
		};
		7207B2B12C8403B300852719 /* MyHealth.AI */ = {
			isa = PBXGroup;
			children = (
				7207B2B22C8403B300852719 /* MyHealth_AIApp.swift */,
				7207B2B42C8403B300852719 /* ContentView.swift */,
				7207B2B62C8403B500852719 /* Assets.xcassets */,
				7207B2B82C8403B500852719 /* Preview Content */,
			);
			path = MyHealth.AI;
			sourceTree = "<group>";
		};
		7207B2B82C8403B500852719 /* Preview Content */ = {
			isa = PBXGroup;
			children = (
				7207B2B92C8403B500852719 /* Preview Assets.xcassets */,
			);
			path = "Preview Content";
			sourceTree = "<group>";
		};
		7207B2C22C8403B500852719 /* MyHealth.AITests */ = {
			isa = PBXGroup;
			children = (
				7207B2C32C8403B500852719 /* MyHealth_AITests.swift */,
			);
			path = MyHealth.AITests;
			sourceTree = "<group>";
		};
		7207B2CC2C8403B500852719 /* MyHealth.AIUITests */ = {
			isa = PBXGroup;
			children = (
				7207B2CD2C8403B500852719 /* MyHealth_AIUITests.swift */,
				7207B2CF2C8403B500852719 /* MyHealth_AIUITestsLaunchTests.swift */,
			);
			path = MyHealth.AIUITests;
			sourceTree = "<group>";
		};
/* End PBXGroup section */

/* Begin PBXNativeTarget section */
		7207B2AE2C8403B300852719 /* MyHealth.AI */ = {
			isa = PBXNativeTarget;
			buildConfigurationList = 7207B2D32C8403B500852719 /* Build configuration list for PBXNativeTarget "MyHealth.AI" */;
			buildPhases = (
				7207B2AB2C8403B300852719 /* Sources */,
				7207B2AC2C8403B300852719 /* Frameworks */,
				7207B2AD2C8403B300852719 /* Resources */,
			);
			buildRules = (
			);
			dependencies = (
			);
			name = MyHealth.AI;
			productName = MyHealth.AI;
			productReference = 7207B2AF2C8403B300852719 /* MyHealth.AI.app */;
			productType = "com.apple.product-type.application";
		};
		7207B2BE2C8403B500852719 /* MyHealth.AITests */ = {
			isa = PBXNativeTarget;
			buildConfigurationList = 7207B2D62C8403B500852719 /* Build configuration list for PBXNativeTarget "MyHealth.AITests" */;
			buildPhases = (
				7207B2BB2C8403B500852719 /* Sources */,
				7207B2BC2C8403B500852719 /* Frameworks */,
				7207B2BD2C8403B500852719 /* Resources */,
			);
			buildRules = (
			);
			dependencies = (
				7207B2C12C8403B500852719 /* PBXTargetDependency */,
			);
			name = MyHealth.AITests;
			productName = MyHealth.AITests;
			productReference = 7207B2BF2C8403B500852719 /* MyHealth.AITests.xctest */;
			productType = "com.apple.product-type.bundle.unit-test";
		};
		7207B2C82C8403B500852719 /* MyHealth.AIUITests */ = {
			isa = PBXNativeTarget;
			buildConfigurationList = 7207B2D92C8403B500852719 /* Build configuration list for PBXNativeTarget "MyHealth.AIUITests" */;
			buildPhases = (
				7207B2C52C8403B500852719 /* Sources */,
				7207B2C62C8403B500852719 /* Frameworks */,
				7207B2C72C8403B500852719 /* Resources */,
			);
			buildRules = (
			);
			dependencies = (
				7207B2CB2C8403B500852719 /* PBXTargetDependency */,
			);
			name = MyHealth.AIUITests;
			productName = MyHealth.AIUITests;
			productReference = 7207B2C92C8403B500852719 /* MyHealth.AIUITests.xctest */;
			productType = "com.apple.product-type.bundle.ui-testing";
		};
/* End PBXNativeTarget section */

/* Begin PBXProject section */
		7207B2A72C8403B300852719 /* Project object */ = {
			isa = PBXProject;
			attributes = {
				BuildIndependentTargetsInParallel = 1;
				LastSwiftUpdateCheck = 1520;
				LastUpgradeCheck = 1520;
				TargetAttributes = {
					7207B2AE2C8403B300852719 = {
						CreatedOnToolsVersion = 15.2;
					};
					7207B2BE2C8403B500852719 = {
						CreatedOnToolsVersion = 15.2;
						TestTargetID = 7207B2AE2C8403B300852719;
					};
					7207B2C82C8403B500852719 = {
						CreatedOnToolsVersion = 15.2;
						TestTargetID = 7207B2AE2C8403B300852719;
					};
				};
			};
			buildConfigurationList = 7207B2AA2C8403B300852719 /* Build configuration list for PBXProject "MyHealth.AI" */;
			compatibilityVersion = "Xcode 14.0";
			developmentRegion = en;
			hasScannedForEncodings = 0;
			knownRegions = (
				en,
				Base,
			);
			mainGroup = 7207B2A62C8403B300852719;
			productRefGroup = 7207B2B02C8403B300852719 /* Products */;
			projectDirPath = "";
			projectRoot = "";
			targets = (
				7207B2AE2C8403B300852719 /* MyHealth.AI */,
				7207B2BE2C8403B500852719 /* MyHealth.AITests */,
				7207B2C82C8403B500852719 /* MyHealth.AIUITests */,
			);
		};
/* End PBXProject section */

/* Begin PBXResourcesBuildPhase section */
		7207B2AD2C8403B300852719 /* Resources */ = {
			isa = PBXResourcesBuildPhase;
			buildActionMask = 2147483647;
			files = (
				7207B2BA2C8403B500852719 /* Preview Assets.xcassets in Resources */,
				7207B2B72C8403B500852719 /* Assets.xcassets in Resources */,
			);
			runOnlyForDeploymentPostprocessing = 0;
		};
		7207B2BD2C8403B500852719 /* Resources */ = {
			isa = PBXResourcesBuildPhase;
			buildActionMask = 2147483647;
			files = (
			);
			runOnlyForDeploymentPostprocessing = 0;
		};
		7207B2C72C8403B500852719 /* Resources */ = {
			isa = PBXResourcesBuildPhase;
			buildActionMask = 2147483647;
			files = (
			);
			runOnlyForDeploymentPostprocessing = 0;
		};
/* End PBXResourcesBuildPhase section */

/* Begin PBXSourcesBuildPhase section */
		7207B2AB2C8403B300852719 /* Sources */ = {
			isa = PBXSourcesBuildPhase;
			buildActionMask = 2147483647;
			files = (
				7207B2B52C8403B300852719 /* ContentView.swift in Sources */,
				7207B2B32C8403B300852719 /* MyHealth_AIApp.swift in Sources */,
			);
			runOnlyForDeploymentPostprocessing = 0;
		};
		7207B2BB2C8403B500852719 /* Sources */ = {
			isa = PBXSourcesBuildPhase;
			buildActionMask = 2147483647;
			files = (
				7207B2C42C8403B500852719 /* MyHealth_AITests.swift in Sources */,
			);
			runOnlyForDeploymentPostprocessing = 0;
		};
		7207B2C52C8403B500852719 /* Sources */ = {
			isa = PBXSourcesBuildPhase;
			buildActionMask = 2147483647;
			files = (
				7207B2D02C8403B500852719 /* MyHealth_AIUITestsLaunchTests.swift in Sources */,
				7207B2CE2C8403B500852719 /* MyHealth_AIUITests.swift in Sources */,
			);
			runOnlyForDeploymentPostprocessing = 0;
		};
/* End PBXSourcesBuildPhase section */

/* Begin PBXTargetDependency section */
		7207B2C12C8403B500852719 /* PBXTargetDependency */ = {
			isa = PBXTargetDependency;
			target = 7207B2AE2C8403B300852719 /* MyHealth.AI */;
			targetProxy = 7207B2C02C8403B500852719 /* PBXContainerItemProxy */;
		};
		7207B2CB2C8403B500852719 /* PBXTargetDependency */ = {
			isa = PBXTargetDependency;
			target = 7207B2AE2C8403B300852719 /* MyHealth.AI */;
			targetProxy = 7207B2CA2C8403B500852719 /* PBXContainerItemProxy */;
		};
/* End PBXTargetDependency section */

/* Begin XCBuildConfiguration section */
		7207B2D12C8403B500852719 /* Debug */ = {
			isa = XCBuildConfiguration;
			buildSettings = {
				ALWAYS_SEARCH_USER_PATHS = NO;
				ASSETCATALOG_COMPILER_GENERATE_SWIFT_ASSET_SYMBOL_EXTENSIONS = YES;
				CLANG_ANALYZER_NONNULL = YES;
				CLANG_ANALYZER_NUMBER_OBJECT_CONVERSION = YES_AGGRESSIVE;
				CLANG_CXX_LANGUAGE_STANDARD = "gnu++20";
				CLANG_ENABLE_MODULES = YES;
				CLANG_ENABLE_OBJC_ARC = YES;
				CLANG_ENABLE_OBJC_WEAK = YES;
				CLANG_WARN_BLOCK_CAPTURE_AUTORELEASING = YES;
				CLANG_WARN_BOOL_CONVERSION = YES;
				CLANG_WARN_COMMA = YES;
				CLANG_WARN_CONSTANT_CONVERSION = YES;
				CLANG_WARN_DEPRECATED_OBJC_IMPLEMENTATIONS = YES;
				CLANG_WARN_DIRECT_OBJC_ISA_USAGE = YES_ERROR;
				CLANG_WARN_DOCUMENTATION_COMMENTS = YES;
				CLANG_WARN_EMPTY_BODY = YES;
				CLANG_WARN_ENUM_CONVERSION = YES;
				CLANG_WARN_INFINITE_RECURSION = YES;
				CLANG_WARN_INT_CONVERSION = YES;
				CLANG_WARN_NON_LITERAL_NULL_CONVERSION = YES;
				CLANG_WARN_OBJC_IMPLICIT_RETAIN_SELF = YES;
				CLANG_WARN_OBJC_LITERAL_CONVERSION = YES;
				CLANG_WARN_OBJC_ROOT_CLASS = YES_ERROR;
				CLANG_WARN_QUOTED_INCLUDE_IN_FRAMEWORK_HEADER = YES;
				CLANG_WARN_RANGE_LOOP_ANALYSIS = YES;
				CLANG_WARN_STRICT_PROTOTYPES = YES;
				CLANG_WARN_SUSPICIOUS_MOVE = YES;
				CLANG_WARN_UNGUARDED_AVAILABILITY = YES_AGGRESSIVE;
				CLANG_WARN_UNREACHABLE_CODE = YES;
				CLANG_WARN__DUPLICATE_METHOD_MATCH = YES;
				COPY_PHASE_STRIP = NO;
				DEBUG_INFORMATION_FORMAT = dwarf;
				ENABLE_STRICT_OBJC_MSGSEND = YES;
				ENABLE_TESTABILITY = YES;
				ENABLE_USER_SCRIPT_SANDBOXING = YES;
				GCC_C_LANGUAGE_STANDARD = gnu17;
				GCC_DYNAMIC_NO_PIC = NO;
				GCC_NO_COMMON_BLOCKS = YES;
				GCC_OPTIMIZATION_LEVEL = 0;
				GCC_PREPROCESSOR_DEFINITIONS = (
					"DEBUG=1",
					"$(inherited)",
				);
				GCC_WARN_64_TO_32_BIT_CONVERSION = YES;
				GCC_WARN_ABOUT_RETURN_TYPE = YES_ERROR;
				GCC_WARN_UNDECLARED_SELECTOR = YES;
				GCC_WARN_UNINITIALIZED_AUTOS = YES_AGGRESSIVE;
				GCC_WARN_UNUSED_FUNCTION = YES;
				GCC_WARN_UNUSED_VARIABLE = YES;
				IPHONEOS_DEPLOYMENT_TARGET = 17.2;
				LOCALIZATION_PREFERS_STRING_CATALOGS = YES;
				MTL_ENABLE_DEBUG_INFO = INCLUDE_SOURCE;
				MTL_FAST_MATH = YES;
				ONLY_ACTIVE_ARCH = YES;
				SDKROOT = iphoneos;
				SWIFT_ACTIVE_COMPILATION_CONDITIONS = "DEBUG $(inherited)";
				SWIFT_OPTIMIZATION_LEVEL = "-Onone";
			};
			name = Debug;
		};
		7207B2D22C8403B500852719 /* Release */ = {
			isa = XCBuildConfiguration;
			buildSettings = {
				ALWAYS_SEARCH_USER_PATHS = NO;
				ASSETCATALOG_COMPILER_GENERATE_SWIFT_ASSET_SYMBOL_EXTENSIONS = YES;
				CLANG_ANALYZER_NONNULL = YES;
				CLANG_ANALYZER_NUMBER_OBJECT_CONVERSION = YES_AGGRESSIVE;
				CLANG_CXX_LANGUAGE_STANDARD = "gnu++20";
				CLANG_ENABLE_MODULES = YES;
				CLANG_ENABLE_OBJC_ARC = YES;
				CLANG_ENABLE_OBJC_WEAK = YES;
				CLANG_WARN_BLOCK_CAPTURE_AUTORELEASING = YES;
				CLANG_WARN_BOOL_CONVERSION = YES;
				CLANG_WARN_COMMA = YES;
				CLANG_WARN_CONSTANT_CONVERSION = YES;
				CLANG_WARN_DEPRECATED_OBJC_IMPLEMENTATIONS = YES;
				CLANG_WARN_DIRECT_OBJC_ISA_USAGE = YES_ERROR;
				CLANG_WARN_DOCUMENTATION_COMMENTS = YES;
				CLANG_WARN_EMPTY_BODY = YES;
				CLANG_WARN_ENUM_CONVERSION = YES;
				CLANG_WARN_INFINITE_RECURSION = YES;
				CLANG_WARN_INT_CONVERSION = YES;
				CLANG_WARN_NON_LITERAL_NULL_CONVERSION = YES;
				CLANG_WARN_OBJC_IMPLICIT_RETAIN_SELF = YES;
				CLANG_WARN_OBJC_LITERAL_CONVERSION = YES;
				CLANG_WARN_OBJC_ROOT_CLASS = YES_ERROR;
				CLANG_WARN_QUOTED_INCLUDE_IN_FRAMEWORK_HEADER = YES;
				CLANG_WARN_RANGE_LOOP_ANALYSIS = YES;
				CLANG_WARN_STRICT_PROTOTYPES = YES;
				CLANG_WARN_SUSPICIOUS_MOVE = YES;
				CLANG_WARN_UNGUARDED_AVAILABILITY = YES_AGGRESSIVE;
				CLANG_WARN_UNREACHABLE_CODE = YES;
				CLANG_WARN__DUPLICATE_METHOD_MATCH = YES;
				COPY_PHASE_STRIP = NO;
				DEBUG_INFORMATION_FORMAT = "dwarf-with-dsym";
				ENABLE_NS_ASSERTIONS = NO;
				ENABLE_STRICT_OBJC_MSGSEND = YES;
				ENABLE_USER_SCRIPT_SANDBOXING = YES;
				GCC_C_LANGUAGE_STANDARD = gnu17;
				GCC_NO_COMMON_BLOCKS = YES;
				GCC_WARN_64_TO_32_BIT_CONVERSION = YES;
				GCC_WARN_ABOUT_RETURN_TYPE = YES_ERROR;
				GCC_WARN_UNDECLARED_SELECTOR = YES;
				GCC_WARN_UNINITIALIZED_AUTOS = YES_AGGRESSIVE;
				GCC_WARN_UNUSED_FUNCTION = YES;
				GCC_WARN_UNUSED_VARIABLE = YES;
				IPHONEOS_DEPLOYMENT_TARGET = 17.2;
				LOCALIZATION_PREFERS_STRING_CATALOGS = YES;
				MTL_ENABLE_DEBUG_INFO = NO;
				MTL_FAST_MATH = YES;
				SDKROOT = iphoneos;
				SWIFT_COMPILATION_MODE = wholemodule;
				VALIDATE_PRODUCT = YES;
			};
			name = Release;
		};
		7207B2D42C8403B500852719 /* Debug */ = {
			isa = XCBuildConfiguration;
			buildSettings = {
				ASSETCATALOG_COMPILER_APPICON_NAME = AppIcon;
				ASSETCATALOG_COMPILER_GLOBAL_ACCENT_COLOR_NAME = AccentColor;
				CODE_SIGN_STYLE = Automatic;
				CURRENT_PROJECT_VERSION = 1;
				DEVELOPMENT_ASSET_PATHS = "\"MyHealth.AI/Preview Content\"";
				ENABLE_PREVIEWS = YES;
				GENERATE_INFOPLIST_FILE = YES;
				INFOPLIST_KEY_UIApplicationSceneManifest_Generation = YES;
				INFOPLIST_KEY_UIApplicationSupportsIndirectInputEvents = YES;
				INFOPLIST_KEY_UILaunchScreen_Generation = YES;
				INFOPLIST_KEY_UISupportedInterfaceOrientations_iPad = "UIInterfaceOrientationPortrait UIInterfaceOrientationPortraitUpsideDown UIInterfaceOrientationLandscapeLeft UIInterfaceOrientationLandscapeRight";
				INFOPLIST_KEY_UISupportedInterfaceOrientations_iPhone = "UIInterfaceOrientationPortrait UIInterfaceOrientationLandscapeLeft UIInterfaceOrientationLandscapeRight";
				LD_RUNPATH_SEARCH_PATHS = (
					"$(inherited)",
					"@executable_path/Frameworks",
				);
				MARKETING_VERSION = 1.0;
				PRODUCT_BUNDLE_IDENTIFIER = "Build.MyHealth-AI";
				PRODUCT_NAME = "$(TARGET_NAME)";
				SWIFT_EMIT_LOC_STRINGS = YES;
				SWIFT_VERSION = 5.0;
				TARGETED_DEVICE_FAMILY = "1,2";
			};
			name = Debug;
		};
		7207B2D52C8403B500852719 /* Release */ = {
			isa = XCBuildConfiguration;
			buildSettings = {
				ASSETCATALOG_COMPILER_APPICON_NAME = AppIcon;
				ASSETCATALOG_COMPILER_GLOBAL_ACCENT_COLOR_NAME = AccentColor;
				CODE_SIGN_STYLE = Automatic;
				CURRENT_PROJECT_VERSION = 1;
				DEVELOPMENT_ASSET_PATHS = "\"MyHealth.AI/Preview Content\"";
				ENABLE_PREVIEWS = YES;
				GENERATE_INFOPLIST_FILE = YES;
				INFOPLIST_KEY_UIApplicationSceneManifest_Generation = YES;
				INFOPLIST_KEY_UIApplicationSupportsIndirectInputEvents = YES;
				INFOPLIST_KEY_UILaunchScreen_Generation = YES;
				INFOPLIST_KEY_UISupportedInterfaceOrientations_iPad = "UIInterfaceOrientationPortrait UIInterfaceOrientationPortraitUpsideDown UIInterfaceOrientationLandscapeLeft UIInterfaceOrientationLandscapeRight";
				INFOPLIST_KEY_UISupportedInterfaceOrientations_iPhone = "UIInterfaceOrientationPortrait UIInterfaceOrientationLandscapeLeft UIInterfaceOrientationLandscapeRight";
				LD_RUNPATH_SEARCH_PATHS = (
					"$(inherited)",
					"@executable_path/Frameworks",
				);
				MARKETING_VERSION = 1.0;
				PRODUCT_BUNDLE_IDENTIFIER = "Build.MyHealth-AI";
				PRODUCT_NAME = "$(TARGET_NAME)";
				SWIFT_EMIT_LOC_STRINGS = YES;
				SWIFT_VERSION = 5.0;
				TARGETED_DEVICE_FAMILY = "1,2";
			};
			name = Release;
		};
		7207B2D72C8403B500852719 /* Debug */ = {
			isa = XCBuildConfiguration;
			buildSettings = {
				ALWAYS_EMBED_SWIFT_STANDARD_LIBRARIES = YES;
				BUNDLE_LOADER = "$(TEST_HOST)";
				CODE_SIGN_STYLE = Automatic;
				CURRENT_PROJECT_VERSION = 1;
				GENERATE_INFOPLIST_FILE = YES;
				IPHONEOS_DEPLOYMENT_TARGET = 17.2;
				MARKETING_VERSION = 1.0;
				PRODUCT_BUNDLE_IDENTIFIER = "Build.MyHealth-AITests";
				PRODUCT_NAME = "$(TARGET_NAME)";
				SWIFT_EMIT_LOC_STRINGS = NO;
				SWIFT_VERSION = 5.0;
				TARGETED_DEVICE_FAMILY = "1,2";
				TEST_HOST = "$(BUILT_PRODUCTS_DIR)/MyHealth.AI.app/$(BUNDLE_EXECUTABLE_FOLDER_PATH)/MyHealth.AI";
			};
			name = Debug;
		};
		7207B2D82C8403B500852719 /* Release */ = {
			isa = XCBuildConfiguration;
			buildSettings = {
				ALWAYS_EMBED_SWIFT_STANDARD_LIBRARIES = YES;
				BUNDLE_LOADER = "$(TEST_HOST)";
				CODE_SIGN_STYLE = Automatic;
				CURRENT_PROJECT_VERSION = 1;
				GENERATE_INFOPLIST_FILE = YES;
				IPHONEOS_DEPLOYMENT_TARGET = 17.2;
				MARKETING_VERSION = 1.0;
				PRODUCT_BUNDLE_IDENTIFIER = "Build.MyHealth-AITests";
				PRODUCT_NAME = "$(TARGET_NAME)";
				SWIFT_EMIT_LOC_STRINGS = NO;
				SWIFT_VERSION = 5.0;
				TARGETED_DEVICE_FAMILY = "1,2";
				TEST_HOST = "$(BUILT_PRODUCTS_DIR)/MyHealth.AI.app/$(BUNDLE_EXECUTABLE_FOLDER_PATH)/MyHealth.AI";
			};
			name = Release;
		};
		7207B2DA2C8403B500852719 /* Debug */ = {
			isa = XCBuildConfiguration;
			buildSettings = {
				ALWAYS_EMBED_SWIFT_STANDARD_LIBRARIES = YES;
				CODE_SIGN_STYLE = Automatic;
				CURRENT_PROJECT_VERSION = 1;
				GENERATE_INFOPLIST_FILE = YES;
				MARKETING_VERSION = 1.0;
				PRODUCT_BUNDLE_IDENTIFIER = "Build.MyHealth-AIUITests";
				PRODUCT_NAME = "$(TARGET_NAME)";
				SWIFT_EMIT_LOC_STRINGS = NO;
				SWIFT_VERSION = 5.0;
				TARGETED_DEVICE_FAMILY = "1,2";
				TEST_TARGET_NAME = MyHealth.AI;
			};
			name = Debug;
		};
		7207B2DB2C8403B500852719 /* Release */ = {
			isa = XCBuildConfiguration;
			buildSettings = {
				ALWAYS_EMBED_SWIFT_STANDARD_LIBRARIES = YES;
				CODE_SIGN_STYLE = Automatic;
				CURRENT_PROJECT_VERSION = 1;
				GENERATE_INFOPLIST_FILE = YES;
				MARKETING_VERSION = 1.0;
				PRODUCT_BUNDLE_IDENTIFIER = "Build.MyHealth-AIUITests";
				PRODUCT_NAME = "$(TARGET_NAME)";
				SWIFT_EMIT_LOC_STRINGS = NO;
				SWIFT_VERSION = 5.0;
				TARGETED_DEVICE_FAMILY = "1,2";
				TEST_TARGET_NAME = MyHealth.AI;
			};
			name = Release;
		};
/* End XCBuildConfiguration section */

/* Begin XCConfigurationList section */
		7207B2AA2C8403B300852719 /* Build configuration list for PBXProject "MyHealth.AI" */ = {
			isa = XCConfigurationList;
			buildConfigurations = (
				7207B2D12C8403B500852719 /* Debug */,
				7207B2D22C8403B500852719 /* Release */,
			);
			defaultConfigurationIsVisible = 0;
			defaultConfigurationName = Release;
		};
		7207B2D32C8403B500852719 /* Build configuration list for PBXNativeTarget "MyHealth.AI" */ = {
			isa = XCConfigurationList;
			buildConfigurations = (
				7207B2D42C8403B500852719 /* Debug */,
				7207B2D52C8403B500852719 /* Release */,
			);
			defaultConfigurationIsVisible = 0;
			defaultConfigurationName = Release;
		};
		7207B2D62C8403B500852719 /* Build configuration list for PBXNativeTarget "MyHealth.AITests" */ = {
			isa = XCConfigurationList;
			buildConfigurations = (
				7207B2D72C8403B500852719 /* Debug */,
				7207B2D82C8403B500852719 /* Release */,
			);
			defaultConfigurationIsVisible = 0;
			defaultConfigurationName = Release;
		};
		7207B2D92C8403B500852719 /* Build configuration list for PBXNativeTarget "MyHealth.AIUITests" */ = {
			isa = XCConfigurationList;
			buildConfigurations = (
				7207B2DA2C8403B500852719 /* Debug */,
				7207B2DB2C8403B500852719 /* Release */,
			);
			defaultConfigurationIsVisible = 0;
			defaultConfigurationName = Release;
		};
/* End XCConfigurationList section */
	};
	rootObject = 7207B2A72C8403B300852719 /* Project object */;
}
